
Microsoft Visual Studio Solution File, Format Version 12.00
# Visual Studio 15
VisualStudioVersion = 15.0.28307.705
MinimumVisualStudioVersion = 10.0.40219.1
Project("{FAE04EC0-301F-11D3-BF4B-00C04F79EFBC}") = "ExampleAssembly", "ExampleAssembly\ExampleAssembly.csproj", "{F7A095AF-5BF0-469C-A091-3F811A4626F2}"
EndProject
Global
	GlobalSection(SolutionConfigurationPlatforms) = preSolution
		Debug|Any CPU = Debug|Any CPU
		Release|Any CPU = Release|Any CPU
	EndGlobalSection
	GlobalSection(ProjectConfigurationPlatforms) = postSolution
		{F7A095AF-5BF0-469C-A091-3F811A4626F2}.Debug|Any CPU.ActiveCfg = Debug|Any CPU
		{F7A095AF-5BF0-469C-A091-3F811A4626F2}.Debug|Any CPU.Build.0 = Debug|Any CPU
		{F7A095AF-5BF0-469C-A091-3F811A4626F2}.Release|Any CPU.ActiveCfg = Release|Any CPU
		{F7A095AF-5BF0-469C-A091-3F811A4626F2}.Release|Any CPU.Build.0 = Release|Any CPU
	EndGlobalSection
	GlobalSection(SolutionProperties) = preSolution
		HideSolutionNode = FALSE
	EndGlobalSection
	GlobalSection(ExtensibilityGlobals) = postSolution
		SolutionGuid = {5338497A-4614-4E1F-9F41-DB3CB6DC8D2F}
	EndGlobalSection
EndGlobal
